{
  "name": "server",
  "version": "1.0.0",
  "lockfileVersion": 1,
  "requires": true,
  "dependencies": {
    "@koa/cors": {
      "version": "3.1.0",
      "resolved": "https://registry.npm.taobao.org/@koa/cors/download/@koa/cors-3.1.0.tgz",
      "integrity": "sha1-YYuwc0OM/b0+vQ5kinbjO4Tzo7I=",
      "dev": true,
      "requires": {
        "vary": "^1.1.2"
      }
    },
    "@koa/multer": {
      "version": "3.0.0",
      "resolved": "https://registry.npm.taobao.org/@koa/multer/download/@koa/multer-3.0.0.tgz",
      "integrity": "sha1-Q5d3lJ8oCX17MpwLTOMEgHTIYvg=",
      "dev": true
    },
    "@koa/router": {
      "version": "10.0.0",
      "resolved": "https://registry.npm.taobao.org/@koa/router/download/@koa/router-10.0.0.tgz",
      "integrity": "sha1-aZEVVhr70nQOKEi6KZ/Ha54FitY=",
      "dev": true,
      "requires": {
        "debug": "^4.1.1",
        "http-errors": "^1.7.3",
        "koa-compose": "^4.1.0",
        "methods": "^1.1.2",
        "path-to-regexp": "^6.1.0"
      }
    },
    "accepts": {
      "version": "1.3.7",
      "resolved": "https://registry.npm.taobao.org/accepts/download/accepts-1.3.7.tgz",
      "integrity": "sha1-UxvHJlF6OytB+FACHGzBXqq1B80=",
      "dev": true,
      "requires": {
        "mime-types": "~2.1.24",
        "negotiator": "0.6.2"
      }
    },
    "any-promise": {
      "version": "1.3.0",
      "resolved": "https://registry.npm.taobao.org/any-promise/download/any-promise-1.3.0.tgz",
      "integrity": "sha1-q8av7tzqUugJzcA3au0845Y10X8=",
      "dev": true
    },
    "append-field": {
      "version": "1.0.0",
      "resolved": "https://registry.npm.taobao.org/append-field/download/append-field-1.0.0.tgz",
      "integrity": "sha1-HjRA6RXwsSA9I3SOeO3XubW0PlY=",
      "dev": true
    },
    "buffer-from": {
      "version": "1.1.1",
      "resolved": "https://registry.npm.taobao.org/buffer-from/download/buffer-from-1.1.1.tgz",
      "integrity": "sha1-MnE7wCj3XAL9txDXx7zsHyxgcO8=",
      "dev": true
    },
    "busboy": {
      "version": "0.2.14",
      "resolved": "https://registry.npm.taobao.org/busboy/download/busboy-0.2.14.tgz?cache=0&other_urls=https%3A%2F%2Fregistry.npm.taobao.org%2Fbusboy%2Fdownload%2Fbusboy-0.2.14.tgz",
      "integrity": "sha1-bCpiLvz0fFe7vh4qnDetNseSVFM=",
      "dev": true,
      "requires": {
        "dicer": "0.2.5",
        "readable-stream": "1.1.x"
      }
    },
    "cache-content-type": {
      "version": "1.0.1",
      "resolved": "https://registry.npm.taobao.org/cache-content-type/download/cache-content-type-1.0.1.tgz",
      "integrity": "sha1-A1zeKwjuISn0qDFeqPAKANuhRTw=",
      "dev": true,
      "requires": {
        "mime-types": "^2.1.18",
        "ylru": "^1.2.0"
      }
    },
    "co": {
      "version": "4.6.0",
      "resolved": "https://registry.npm.taobao.org/co/download/co-4.6.0.tgz",
      "integrity": "sha1-bqa989hTrlTMuOR7+gvz+QMfsYQ=",
      "dev": true
    },
    "concat-stream": {
      "version": "1.6.2",
      "resolved": "https://registry.npm.taobao.org/concat-stream/download/concat-stream-1.6.2.tgz",
      "integrity": "sha1-kEvfGUzTEi/Gdcd/xKw9T/D9GjQ=",
      "dev": true,
      "requires": {
        "buffer-from": "^1.0.0",
        "inherits": "^2.0.3",
        "readable-stream": "^2.2.2",
        "typedarray": "^0.0.6"
      },
      "dependencies": {
        "isarray": {
          "version": "1.0.0",
          "resolved": "https://registry.npm.taobao.org/isarray/download/isarray-1.0.0.tgz?cache=0&sync_timestamp=1562592096220&other_urls=https%3A%2F%2Fregistry.npm.taobao.org%2Fisarray%2Fdownload%2Fisarray-1.0.0.tgz",
          "integrity": "sha1-u5NdSFgsuhaMBoNJV6VKPgcSTxE=",
          "dev": true
        },
        "readable-stream": {
          "version": "2.3.7",
          "resolved": "https://registry.npm.taobao.org/readable-stream/download/readable-stream-2.3.7.tgz?cache=0&sync_timestamp=1581624324274&other_urls=https%3A%2F%2Fregistry.npm.taobao.org%2Freadable-stream%2Fdownload%2Freadable-stream-2.3.7.tgz",
          "integrity": "sha1-Hsoc9xGu+BTAT2IlKjamL2yyO1c=",
          "dev": true,
          "requires": {
            "core-util-is": "~1.0.0",
            "inherits": "~2.0.3",
            "isarray": "~1.0.0",
            "process-nextick-args": "~2.0.0",
            "safe-buffer": "~5.1.1",
            "string_decoder": "~1.1.1",
            "util-deprecate": "~1.0.1"
          }
        },
        "string_decoder": {
          "version": "1.1.1",
          "resolved": "https://registry.npm.taobao.org/string_decoder/download/string_decoder-1.1.1.tgz?cache=0&sync_timestamp=1565170823020&other_urls=https%3A%2F%2Fregistry.npm.taobao.org%2Fstring_decoder%2Fdownload%2Fstring_decoder-1.1.1.tgz",
          "integrity": "sha1-nPFhG6YmhdcDCunkujQUnDrwP8g=",
          "dev": true,
          "requires": {
            "safe-buffer": "~5.1.0"
          }
        }
      }
    },
    "content-disposition": {
      "version": "0.5.3",
      "resolved": "https://registry.npm.taobao.org/content-disposition/download/content-disposition-0.5.3.tgz",
      "integrity": "sha1-4TDK9+cnkIfFYWwgB9BIVpiYT70=",
      "dev": true,
      "requires": {
        "safe-buffer": "5.1.2"
      }
    },
    "content-type": {
      "version": "1.0.4",
      "resolved": "https://registry.npm.taobao.org/content-type/download/content-type-1.0.4.tgz",
      "integrity": "sha1-4TjMdeBAxyexlm/l5fjJruJW/js=",
      "dev": true
    },
    "cookies": {
      "version": "0.8.0",
      "resolved": "https://registry.npm.taobao.org/cookies/download/cookies-0.8.0.tgz",
      "integrity": "sha1-EpPOSzkXQKhAbjyYcOgoxLVPP5A=",
      "dev": true,
      "requires": {
        "depd": "~2.0.0",
        "keygrip": "~1.1.0"
      },
      "dependencies": {
        "depd": {
          "version": "2.0.0",
          "resolved": "https://registry.npm.taobao.org/depd/download/depd-2.0.0.tgz",
          "integrity": "sha1-tpYWPMdXVg0JzyLMj60Vcbeedt8=",
          "dev": true
        }
      }
    },
    "core-util-is": {
      "version": "1.0.2",
      "resolved": "https://registry.npm.taobao.org/core-util-is/download/core-util-is-1.0.2.tgz",
      "integrity": "sha1-tf1UIgqivFq1eqtxQMlAdUUDwac="
    },
    "debug": {
      "version": "4.3.2",
      "resolved": "https://registry.nlark.com/debug/download/debug-4.3.2.tgz",
      "integrity": "sha1-8KScGKyHeeMdSgxgKd+3aHPHQos=",
      "dev": true,
      "requires": {
        "ms": "2.1.2"
      }
    },
    "deep-equal": {
      "version": "1.0.1",
      "resolved": "https://registry.npm.taobao.org/deep-equal/download/deep-equal-1.0.1.tgz?cache=0&sync_timestamp=1606860101281&other_urls=https%3A%2F%2Fregistry.npm.taobao.org%2Fdeep-equal%2Fdownload%2Fdeep-equal-1.0.1.tgz",
      "integrity": "sha1-9dJgKStmDghO/0zbyfCK0yR0SLU=",
      "dev": true
    },
    "delegates": {
      "version": "1.0.0",
      "resolved": "https://registry.npm.taobao.org/delegates/download/delegates-1.0.0.tgz?cache=0&other_urls=https%3A%2F%2Fregistry.npm.taobao.org%2Fdelegates%2Fdownload%2Fdelegates-1.0.0.tgz",
      "integrity": "sha1-hMbhWbgZBP3KWaDvRM2HDTElD5o=",
      "dev": true
    },
    "depd": {
      "version": "1.1.2",
      "resolved": "https://registry.npm.taobao.org/depd/download/depd-1.1.2.tgz",
      "integrity": "sha1-m81S4UwJd2PnSbJ0xDRu0uVgtak=",
      "dev": true
    },
    "destroy": {
      "version": "1.0.4",
      "resolved": "https://registry.npm.taobao.org/destroy/download/destroy-1.0.4.tgz",
      "integrity": "sha1-l4hXRCxEdJ5CBmE+N5RiBYJqvYA=",
      "dev": true
    },
    "dicer": {
      "version": "0.2.5",
      "resolved": "https://registry.npm.taobao.org/dicer/download/dicer-0.2.5.tgz",
      "integrity": "sha1-WZbAhrszIYyBLAkL3cCc0S+stw8=",
      "dev": true,
      "requires": {
        "readable-stream": "1.1.x",
        "streamsearch": "0.1.2"
      }
    },
    "ee-first": {
      "version": "1.1.1",
      "resolved": "https://registry.npm.taobao.org/ee-first/download/ee-first-1.1.1.tgz",
      "integrity": "sha1-WQxhFWsK4vTwJVcyoViyZrxWsh0=",
      "dev": true
    },
    "encodeurl": {
      "version": "1.0.2",
      "resolved": "https://registry.npm.taobao.org/encodeurl/download/encodeurl-1.0.2.tgz",
      "integrity": "sha1-rT/0yG7C0CkyL1oCw6mmBslbP1k=",
      "dev": true
    },
    "escape-html": {
      "version": "1.0.3",
      "resolved": "https://registry.npm.taobao.org/escape-html/download/escape-html-1.0.3.tgz",
      "integrity": "sha1-Aljq5NPQwJdN4cFpGI7wBR0dGYg=",
      "dev": true
    },
    "fresh": {
      "version": "0.5.2",
      "resolved": "https://registry.npm.taobao.org/fresh/download/fresh-0.5.2.tgz",
      "integrity": "sha1-PYyt2Q2XZWn6g1qx+OSyOhBWBac=",
      "dev": true
    },
    "http-assert": {
      "version": "1.4.1",
      "resolved": "https://registry.npm.taobao.org/http-assert/download/http-assert-1.4.1.tgz",
      "integrity": "sha1-xfcl1neqfoc+9zYZm4lobM6zeHg=",
      "dev": true,
      "requires": {
        "deep-equal": "~1.0.1",
        "http-errors": "~1.7.2"
      },
      "dependencies": {
        "http-errors": {
          "version": "1.7.3",
          "resolved": "https://registry.npm.taobao.org/http-errors/download/http-errors-1.7.3.tgz?cache=0&sync_timestamp=1593407676624&other_urls=https%3A%2F%2Fregistry.npm.taobao.org%2Fhttp-errors%2Fdownload%2Fhttp-errors-1.7.3.tgz",
          "integrity": "sha1-bGGeT5xgMIw4UZSYwU+7EKrOuwY=",
          "dev": true,
          "requires": {
            "depd": "~1.1.2",
            "inherits": "2.0.4",
            "setprototypeof": "1.1.1",
            "statuses": ">= 1.5.0 < 2",
            "toidentifier": "1.0.0"
          }
        },
        "setprototypeof": {
          "version": "1.1.1",
          "resolved": "https://registry.npm.taobao.org/setprototypeof/download/setprototypeof-1.1.1.tgz",
          "integrity": "sha1-fpWsskqpL1iF4KvvW6ExMw1K5oM=",
          "dev": true
        }
      }
    },
    "http-errors": {
      "version": "1.8.0",
      "resolved": "https://registry.npm.taobao.org/http-errors/download/http-errors-1.8.0.tgz?cache=0&sync_timestamp=1593407676624&other_urls=https%3A%2F%2Fregistry.npm.taobao.org%2Fhttp-errors%2Fdownload%2Fhttp-errors-1.8.0.tgz",
      "integrity": "sha1-ddG75JfhBE9R5O6ecEpi8o0zZQc=",
      "dev": true,
      "requires": {
        "depd": "~1.1.2",
        "inherits": "2.0.4",
        "setprototypeof": "1.2.0",
        "statuses": ">= 1.5.0 < 2",
        "toidentifier": "1.0.0"
      }
    },
    "immediate": {
      "version": "3.0.6",
      "resolved": "https://registry.npm.taobao.org/immediate/download/immediate-3.0.6.tgz?cache=0&sync_timestamp=1591712590489&other_urls=https%3A%2F%2Fregistry.npm.taobao.org%2Fimmediate%2Fdownload%2Fimmediate-3.0.6.tgz",
      "integrity": "sha1-nbHb0Pr43m++D13V5Wu2BigN5ps="
    },
    "inherits": {
      "version": "2.0.4",
      "resolved": "https://registry.npm.taobao.org/inherits/download/inherits-2.0.4.tgz?cache=0&sync_timestamp=1560975547815&other_urls=https%3A%2F%2Fregistry.npm.taobao.org%2Finherits%2Fdownload%2Finherits-2.0.4.tgz",
      "integrity": "sha1-D6LGT5MpF8NDOg3tVTY6rjdBa3w="
    },
    "is-generator-function": {
      "version": "1.0.9",
      "resolved": "https://registry.nlark.com/is-generator-function/download/is-generator-function-1.0.9.tgz",
      "integrity": "sha1-5fgsIyNnPn/K09EoWMg8QDn2OZw=",
      "dev": true
    },
    "isarray": {
      "version": "0.0.1",
      "resolved": "https://registry.npm.taobao.org/isarray/download/isarray-0.0.1.tgz?cache=0&sync_timestamp=1562592096220&other_urls=https%3A%2F%2Fregistry.npm.taobao.org%2Fisarray%2Fdownload%2Fisarray-0.0.1.tgz",
      "integrity": "sha1-ihis/Kmo9Bd+Cav8YDiTmwXR7t8=",
      "dev": true
    },
    "jszip": {
      "version": "3.6.0",
      "resolved": "https://registry.nlark.com/jszip/download/jszip-3.6.0.tgz",
      "integrity": "sha1-g5tygS4/l4GcwTrEE0/87ZXdavk=",
      "requires": {
        "lie": "~3.3.0",
        "pako": "~1.0.2",
        "readable-stream": "~2.3.6",
        "set-immediate-shim": "~1.0.1"
      },
      "dependencies": {
        "isarray": {
          "version": "1.0.0",
          "resolved": "https://registry.npm.taobao.org/isarray/download/isarray-1.0.0.tgz?cache=0&sync_timestamp=1562592096220&other_urls=https%3A%2F%2Fregistry.npm.taobao.org%2Fisarray%2Fdownload%2Fisarray-1.0.0.tgz",
          "integrity": "sha1-u5NdSFgsuhaMBoNJV6VKPgcSTxE="
        },
        "readable-stream": {
          "version": "2.3.7",
          "resolved": "https://registry.npm.taobao.org/readable-stream/download/readable-stream-2.3.7.tgz?cache=0&sync_timestamp=1581624324274&other_urls=https%3A%2F%2Fregistry.npm.taobao.org%2Freadable-stream%2Fdownload%2Freadable-stream-2.3.7.tgz",
          "integrity": "sha1-Hsoc9xGu+BTAT2IlKjamL2yyO1c=",
          "requires": {
            "core-util-is": "~1.0.0",
            "inherits": "~2.0.3",
            "isarray": "~1.0.0",
            "process-nextick-args": "~2.0.0",
            "safe-buffer": "~5.1.1",
            "string_decoder": "~1.1.1",
            "util-deprecate": "~1.0.1"
          }
        },
        "string_decoder": {
          "version": "1.1.1",
          "resolved": "https://registry.npm.taobao.org/string_decoder/download/string_decoder-1.1.1.tgz?cache=0&sync_timestamp=1565170823020&other_urls=https%3A%2F%2Fregistry.npm.taobao.org%2Fstring_decoder%2Fdownload%2Fstring_decoder-1.1.1.tgz",
          "integrity": "sha1-nPFhG6YmhdcDCunkujQUnDrwP8g=",
          "requires": {
            "safe-buffer": "~5.1.0"
          }
        }
      }
    },
    "keygrip": {
      "version": "1.1.0",
      "resolved": "https://registry.npm.taobao.org/keygrip/download/keygrip-1.1.0.tgz",
      "integrity": "sha1-hxsWgdXhWcYqRFsMdLYV4JF+ciY=",
      "dev": true,
      "requires": {
        "tsscmp": "1.0.6"
      }
    },
    "koa": {
      "version": "2.13.1",
      "resolved": "https://registry.npm.taobao.org/koa/download/koa-2.13.1.tgz?cache=0&sync_timestamp=1609771288129&other_urls=https%3A%2F%2Fregistry.npm.taobao.org%2Fkoa%2Fdownload%2Fkoa-2.13.1.tgz",
      "integrity": "sha1-YnUXKHWye8/h1FQ1altrn1qbEFE=",
      "dev": true,
      "requires": {
        "accepts": "^1.3.5",
        "cache-content-type": "^1.0.0",
        "content-disposition": "~0.5.2",
        "content-type": "^1.0.4",
        "cookies": "~0.8.0",
        "debug": "~3.1.0",
        "delegates": "^1.0.0",
        "depd": "^2.0.0",
        "destroy": "^1.0.4",
        "encodeurl": "^1.0.2",
        "escape-html": "^1.0.3",
        "fresh": "~0.5.2",
        "http-assert": "^1.3.0",
        "http-errors": "^1.6.3",
        "is-generator-function": "^1.0.7",
        "koa-compose": "^4.1.0",
        "koa-convert": "^1.2.0",
        "on-finished": "^2.3.0",
        "only": "~0.0.2",
        "parseurl": "^1.3.2",
        "statuses": "^1.5.0",
        "type-is": "^1.6.16",
        "vary": "^1.1.2"
      },
      "dependencies": {
        "debug": {
          "version": "3.1.0",
          "resolved": "https://registry.nlark.com/debug/download/debug-3.1.0.tgz",
          "integrity": "sha1-W7WgZyYotkFJVmuhaBnmFRjGcmE=",
          "dev": true,
          "requires": {
            "ms": "2.0.0"
          }
        },
        "depd": {
          "version": "2.0.0",
          "resolved": "https://registry.npm.taobao.org/depd/download/depd-2.0.0.tgz",
          "integrity": "sha1-tpYWPMdXVg0JzyLMj60Vcbeedt8=",
          "dev": true
        },
        "ms": {
          "version": "2.0.0",
          "resolved": "https://registry.npm.taobao.org/ms/download/ms-2.0.0.tgz?cache=0&sync_timestamp=1607433856030&other_urls=https%3A%2F%2Fregistry.npm.taobao.org%2Fms%2Fdownload%2Fms-2.0.0.tgz",
          "integrity": "sha1-VgiurfwAvmwpAd9fmGF4jeDVl8g=",
          "dev": true
        }
      }
    },
    "koa-compose": {
      "version": "4.1.0",
      "resolved": "https://registry.npm.taobao.org/koa-compose/download/koa-compose-4.1.0.tgz?cache=0&sync_timestamp=1599805339337&other_urls=https%3A%2F%2Fregistry.npm.taobao.org%2Fkoa-compose%2Fdownload%2Fkoa-compose-4.1.0.tgz",
      "integrity": "sha1-UHMGuTcZAdtBEhyBLpI9DWfT6Hc=",
      "dev": true
    },
    "koa-convert": {
      "version": "1.2.0",
      "resolved": "https://registry.npm.taobao.org/koa-convert/download/koa-convert-1.2.0.tgz?cache=0&sync_timestamp=1599762060747&other_urls=https%3A%2F%2Fregistry.npm.taobao.org%2Fkoa-convert%2Fdownload%2Fkoa-convert-1.2.0.tgz",
      "integrity": "sha1-2kCHXfSd4FOQmNFwC1CCDOvNIdA=",
      "dev": true,
      "requires": {
        "co": "^4.6.0",
        "koa-compose": "^3.0.0"
      },
      "dependencies": {
        "koa-compose": {
          "version": "3.2.1",
          "resolved": "https://registry.npm.taobao.org/koa-compose/download/koa-compose-3.2.1.tgz?cache=0&sync_timestamp=1599805339337&other_urls=https%3A%2F%2Fregistry.npm.taobao.org%2Fkoa-compose%2Fdownload%2Fkoa-compose-3.2.1.tgz",
          "integrity": "sha1-qFzLQLfZhtjlo0Wzoazo6rz1Tec=",
          "dev": true,
          "requires": {
            "any-promise": "^1.1.0"
          }
        }
      }
    },
    "koa-send": {
      "version": "5.0.1",
      "resolved": "https://registry.npm.taobao.org/koa-send/download/koa-send-5.0.1.tgz",
      "integrity": "sha1-Odzuv6+zldDWC+r/ujpwtPVD/nk=",
      "dev": true,
      "requires": {
        "debug": "^4.1.1",
        "http-errors": "^1.7.3",
        "resolve-path": "^1.4.0"
      }
    },
    "koa-static": {
      "version": "5.0.0",
      "resolved": "https://registry.npm.taobao.org/koa-static/download/koa-static-5.0.0.tgz",
      "integrity": "sha1-XpL8lrU3rVIZ9CUxnJW2R3J3aUM=",
      "dev": true,
      "requires": {
        "debug": "^3.1.0",
        "koa-send": "^5.0.0"
      },
      "dependencies": {
        "debug": {
          "version": "3.2.7",
          "resolved": "https://registry.nlark.com/debug/download/debug-3.2.7.tgz",
          "integrity": "sha1-clgLfpFF+zm2Z2+cXl+xALk0F5o=",
          "dev": true,
          "requires": {
            "ms": "^2.1.1"
          }
        }
      }
    },
    "lie": {
      "version": "3.3.0",
      "resolved": "https://registry.npm.taobao.org/lie/download/lie-3.3.0.tgz",
      "integrity": "sha1-3Pgt7lRfRgdNryAMfBxaCOD0D2o=",
      "requires": {
        "immediate": "~3.0.5"
      }
    },
    "media-typer": {
      "version": "0.3.0",
      "resolved": "https://registry.npm.taobao.org/media-typer/download/media-typer-0.3.0.tgz",
      "integrity": "sha1-hxDXrwqmJvj/+hzgAWhUUmMlV0g=",
      "dev": true
    },
    "methods": {
      "version": "1.1.2",
      "resolved": "https://registry.npm.taobao.org/methods/download/methods-1.1.2.tgz",
      "integrity": "sha1-VSmk1nZUE07cxSZmVoNbD4Ua/O4=",
      "dev": true
    },
    "mime-db": {
      "version": "1.48.0",
      "resolved": "https://registry.nlark.com/mime-db/download/mime-db-1.48.0.tgz?cache=0&sync_timestamp=1622433567590&other_urls=https%3A%2F%2Fregistry.nlark.com%2Fmime-db%2Fdownload%2Fmime-db-1.48.0.tgz",
      "integrity": "sha1-41sxBF3X6to6qtU37YijOvvvLR0=",
      "dev": true
    },
    "mime-types": {
      "version": "2.1.31",
      "resolved": "https://registry.nlark.com/mime-types/download/mime-types-2.1.31.tgz",
      "integrity": "sha1-oA12t0MXxh+cLbIhi46fjpxcnms=",
      "dev": true,
      "requires": {
        "mime-db": "1.48.0"
      }
    },
    "minimist": {
      "version": "1.2.8",
      "resolved": "https://registry.npmjs.org/minimist/-/minimist-1.2.8.tgz",
      "integrity": "sha512-2yyAR8qBkN3YuheJanUpWC5U3bb5osDywNB8RzDVlDwDHbocAJveqqj1u8+SVD7jkWT4yvsHCpWqqWqAxb0zCA==",
      "dev": true
    },
    "mkdirp": {
      "version": "0.5.5",
      "resolved": "https://registry.npm.taobao.org/mkdirp/download/mkdirp-0.5.5.tgz?cache=0&sync_timestamp=1587535418745&other_urls=https%3A%2F%2Fregistry.npm.taobao.org%2Fmkdirp%2Fdownload%2Fmkdirp-0.5.5.tgz",
      "integrity": "sha1-2Rzv1i0UNsoPQWIOJRKI1CAJne8=",
      "dev": true,
      "requires": {
        "minimist": "^1.2.5"
      }
    },
    "ms": {
      "version": "2.1.2",
      "resolved": "https://registry.npm.taobao.org/ms/download/ms-2.1.2.tgz?cache=0&sync_timestamp=1607433856030&other_urls=https%3A%2F%2Fregistry.npm.taobao.org%2Fms%2Fdownload%2Fms-2.1.2.tgz",
      "integrity": "sha1-0J0fNXtEP0kzgqjrPM0YOHKuYAk=",
      "dev": true
    },
    "multer": {
      "version": "1.4.2",
      "resolved": "https://registry.npm.taobao.org/multer/download/multer-1.4.2.tgz",
      "integrity": "sha1-Lx9NEtuu66dMs35iPyNL9NPSBXo=",
      "dev": true,
      "requires": {
        "append-field": "^1.0.0",
        "busboy": "^0.2.11",
        "concat-stream": "^1.5.2",
        "mkdirp": "^0.5.1",
        "object-assign": "^4.1.1",
        "on-finished": "^2.3.0",
        "type-is": "^1.6.4",
        "xtend": "^4.0.0"
      }
    },
    "negotiator": {
      "version": "0.6.2",
      "resolved": "https://registry.npm.taobao.org/negotiator/download/negotiator-0.6.2.tgz",
      "integrity": "sha1-/qz3zPUlp3rpY0Q2pkiD/+yjRvs=",
      "dev": true
    },
    "object-assign": {
      "version": "4.1.1",
      "resolved": "https://registry.npm.taobao.org/object-assign/download/object-assign-4.1.1.tgz?cache=0&other_urls=https%3A%2F%2Fregistry.npm.taobao.org%2Fobject-assign%2Fdownload%2Fobject-assign-4.1.1.tgz",
      "integrity": "sha1-IQmtx5ZYh8/AXLvUQsrIv7s2CGM=",
      "dev": true
    },
    "on-finished": {
      "version": "2.3.0",
      "resolved": "https://registry.npm.taobao.org/on-finished/download/on-finished-2.3.0.tgz",
      "integrity": "sha1-IPEzZIGwg811M3mSoWlxqi2QaUc=",
      "dev": true,
      "requires": {
        "ee-first": "1.1.1"
      }
    },
    "only": {
      "version": "0.0.2",
      "resolved": "https://registry.npm.taobao.org/only/download/only-0.0.2.tgz",
      "integrity": "sha1-Kv3oTQPlC5qO3EROMGEKcCle37Q=",
      "dev": true
    },
    "pako": {
      "version": "1.0.11",
      "resolved": "https://registry.npm.taobao.org/pako/download/pako-1.0.11.tgz?cache=0&sync_timestamp=1610209004795&other_urls=https%3A%2F%2Fregistry.npm.taobao.org%2Fpako%2Fdownload%2Fpako-1.0.11.tgz",
      "integrity": "sha1-bJWZ00DVTf05RjgCUqNXBaa5kr8="
    },
    "parseurl": {
      "version": "1.3.3",
      "resolved": "https://registry.npm.taobao.org/parseurl/download/parseurl-1.3.3.tgz",
      "integrity": "sha1-naGee+6NEt/wUT7Vt2lXeTvC6NQ=",
      "dev": true
    },
    "path-is-absolute": {
      "version": "1.0.1",
      "resolved": "https://registry.npm.taobao.org/path-is-absolute/download/path-is-absolute-1.0.1.tgz",
      "integrity": "sha1-F0uSaHNVNP+8es5r9TpanhtcX18=",
      "dev": true
    },
    "path-to-regexp": {
      "version": "6.2.0",
      "resolved": "https://registry.npm.taobao.org/path-to-regexp/download/path-to-regexp-6.2.0.tgz?cache=0&other_urls=https%3A%2F%2Fregistry.npm.taobao.org%2Fpath-to-regexp%2Fdownload%2Fpath-to-regexp-6.2.0.tgz",
      "integrity": "sha1-97OAMzYQTDRoia3s5hRmkjBkXzg=",
      "dev": true
    },
    "process-nextick-args": {
      "version": "2.0.1",
      "resolved": "https://registry.npm.taobao.org/process-nextick-args/download/process-nextick-args-2.0.1.tgz",
      "integrity": "sha1-eCDZsWEgzFXKmud5JoCufbptf+I="
    },
    "readable-stream": {
      "version": "1.1.14",
      "resolved": "https://registry.npm.taobao.org/readable-stream/download/readable-stream-1.1.14.tgz?cache=0&sync_timestamp=1581624324274&other_urls=https%3A%2F%2Fregistry.npm.taobao.org%2Freadable-stream%2Fdownload%2Freadable-stream-1.1.14.tgz",
      "integrity": "sha1-fPTFTvZI44EwhMY23SB54WbAgdk=",
      "dev": true,
      "requires": {
        "core-util-is": "~1.0.0",
        "inherits": "~2.0.1",
        "isarray": "0.0.1",
        "string_decoder": "~0.10.x"
      }
    },
    "resolve-path": {
      "version": "1.4.0",
      "resolved": "https://registry.npm.taobao.org/resolve-path/download/resolve-path-1.4.0.tgz",
      "integrity": "sha1-xL2p9e+y/OZSR4c6s2u02DT+Fvc=",
      "dev": true,
      "requires": {
        "http-errors": "~1.6.2",
        "path-is-absolute": "1.0.1"
      },
      "dependencies": {
        "http-errors": {
          "version": "1.6.3",
          "resolved": "https://registry.npm.taobao.org/http-errors/download/http-errors-1.6.3.tgz?cache=0&sync_timestamp=1593407676624&other_urls=https%3A%2F%2Fregistry.npm.taobao.org%2Fhttp-errors%2Fdownload%2Fhttp-errors-1.6.3.tgz",
          "integrity": "sha1-i1VoC7S+KDoLW/TqLjhYC+HZMg0=",
          "dev": true,
          "requires": {
            "depd": "~1.1.2",
            "inherits": "2.0.3",
            "setprototypeof": "1.1.0",
            "statuses": ">= 1.4.0 < 2"
          }
        },
        "inherits": {
          "version": "2.0.3",
          "resolved": "https://registry.npm.taobao.org/inherits/download/inherits-2.0.3.tgz?cache=0&sync_timestamp=1560975547815&other_urls=https%3A%2F%2Fregistry.npm.taobao.org%2Finherits%2Fdownload%2Finherits-2.0.3.tgz",
          "integrity": "sha1-Yzwsg+PaQqUC9SRmAiSA9CCCYd4=",
          "dev": true
        },
        "setprototypeof": {
          "version": "1.1.0",
          "resolved": "https://registry.npm.taobao.org/setprototypeof/download/setprototypeof-1.1.0.tgz",
          "integrity": "sha1-0L2FU2iHtv58DYGMuWLZ2RxU5lY=",
          "dev": true
        }
      }
    },
    "safe-buffer": {
      "version": "5.1.2",
      "resolved": "https://registry.npm.taobao.org/safe-buffer/download/safe-buffer-5.1.2.tgz",
      "integrity": "sha1-mR7GnSluAxN0fVm9/St0XDX4go0="
    },
    "set-immediate-shim": {
      "version": "1.0.1",
      "resolved": "https://registry.npm.taobao.org/set-immediate-shim/download/set-immediate-shim-1.0.1.tgz",
      "integrity": "sha1-SysbJ+uAip+NzEgaWOXlb1mfP2E="
    },
    "setprototypeof": {
      "version": "1.2.0",
      "resolved": "https://registry.npm.taobao.org/setprototypeof/download/setprototypeof-1.2.0.tgz",
      "integrity": "sha1-ZsmiSnP5/CjL5msJ/tPTPcrxtCQ=",
      "dev": true
    },
    "statuses": {
      "version": "1.5.0",
      "resolved": "https://registry.npm.taobao.org/statuses/download/statuses-1.5.0.tgz?cache=0&sync_timestamp=1609654014762&other_urls=https%3A%2F%2Fregistry.npm.taobao.org%2Fstatuses%2Fdownload%2Fstatuses-1.5.0.tgz",
      "integrity": "sha1-Fhx9rBd2Wf2YEfQ3cfqZOBR4Yow=",
      "dev": true
    },
    "streamsearch": {
      "version": "0.1.2",
      "resolved": "https://registry.npm.taobao.org/streamsearch/download/streamsearch-0.1.2.tgz",
      "integrity": "sha1-gIudDlb8Jz2Am6VzOOkpkZoanxo=",
      "dev": true
    },
    "string_decoder": {
      "version": "0.10.31",
      "resolved": "https://registry.npm.taobao.org/string_decoder/download/string_decoder-0.10.31.tgz?cache=0&sync_timestamp=1565170823020&other_urls=https%3A%2F%2Fregistry.npm.taobao.org%2Fstring_decoder%2Fdownload%2Fstring_decoder-0.10.31.tgz",
      "integrity": "sha1-YuIDvEF2bGwoyfyEMB2rHFMQ+pQ=",
      "dev": true
    },
    "toidentifier": {
      "version": "1.0.0",
      "resolved": "https://registry.npm.taobao.org/toidentifier/download/toidentifier-1.0.0.tgz",
      "integrity": "sha1-fhvjRw8ed5SLxD2Uo8j013UrpVM=",
      "dev": true
    },
    "tsscmp": {
      "version": "1.0.6",
      "resolved": "https://registry.npm.taobao.org/tsscmp/download/tsscmp-1.0.6.tgz",
      "integrity": "sha1-hbmVg6w1iexL/vgltQAKqRHWBes=",
      "dev": true
    },
    "type-is": {
      "version": "1.6.18",
      "resolved": "https://registry.npm.taobao.org/type-is/download/type-is-1.6.18.tgz",
      "integrity": "sha1-TlUs0F3wlGfcvE73Od6J8s83wTE=",
      "dev": true,
      "requires": {
        "media-typer": "0.3.0",
        "mime-types": "~2.1.24"
      }
    },
    "typedarray": {
      "version": "0.0.6",
      "resolved": "https://registry.npm.taobao.org/typedarray/download/typedarray-0.0.6.tgz",
      "integrity": "sha1-hnrHTjhkGHsdPUfZlqeOxciDB3c=",
      "dev": true
    },
    "util-deprecate": {
      "version": "1.0.2",
      "resolved": "https://registry.npm.taobao.org/util-deprecate/download/util-deprecate-1.0.2.tgz",
      "integrity": "sha1-RQ1Nyfpw3nMnYvvS1KKJgUGaDM8="
    },
    "vary": {
      "version": "1.1.2",
      "resolved": "https://registry.npm.taobao.org/vary/download/vary-1.1.2.tgz",
      "integrity": "sha1-IpnwLG3tMNSllhsLn3RSShj2NPw=",
      "dev": true
    },
    "xtend": {
      "version": "4.0.2",
      "resolved": "https://registry.npm.taobao.org/xtend/download/xtend-4.0.2.tgz",
      "integrity": "sha1-u3J3n1+kZRhrH0OPZ0+jR/2121Q=",
      "dev": true
    },
    "ylru": {
      "version": "1.2.1",
      "resolved": "https://registry.npm.taobao.org/ylru/download/ylru-1.2.1.tgz",
      "integrity": "sha1-9Xa2M0FUeYnB3nuiiHYJI7J/6E8=",
      "dev": true
    }
  }
}
